
Microsoft Visual Studio Solution File, Format Version 12.00
# Visual Studio 15
VisualStudioVersion = 15.0.28010.2016
MinimumVisualStudioVersion = 10.0.40219.1
Project("{FAE04EC0-301F-11D3-BF4B-00C04F79EFBC}") = "SampleWebApi", "SampleWebApi\SampleWebApi.csproj", "{2B50990C-E7DD-4656-A193-BF92932CFDCF}"
EndProject
Project("{FAE04EC0-301F-11D3-BF4B-00C04F79EFBC}") = "SampleWebApi.Tests", "SampleWebApi.Tests\SampleWebApi.Tests.csproj", "{22254BB7-BE92-4C69-A11C-28293DFBBC2C}"
EndProject
Global
	GlobalSection(SolutionConfigurationPlatforms) = preSolution
		Debug|Any CPU = Debug|Any CPU
		Release|Any CPU = Release|Any CPU
	EndGlobalSection
	GlobalSection(ProjectConfigurationPlatforms) = postSolution
		{2B50990C-E7DD-4656-A193-BF92932CFDCF}.Debug|Any CPU.ActiveCfg = Debug|Any CPU
		{2B50990C-E7DD-4656-A193-BF92932CFDCF}.Debug|Any CPU.Build.0 = Debug|Any CPU
		{2B50990C-E7DD-4656-A193-BF92932CFDCF}.Release|Any CPU.ActiveCfg = Release|Any CPU
		{2B50990C-E7DD-4656-A193-BF92932CFDCF}.Release|Any CPU.Build.0 = Release|Any CPU
		{22254BB7-BE92-4C69-A11C-28293DFBBC2C}.Debug|Any CPU.ActiveCfg = Debug|Any CPU
		{22254BB7-BE92-4C69-A11C-28293DFBBC2C}.Debug|Any CPU.Build.0 = Debug|Any CPU
		{22254BB7-BE92-4C69-A11C-28293DFBBC2C}.Release|Any CPU.ActiveCfg = Release|Any CPU
		{22254BB7-BE92-4C69-A11C-28293DFBBC2C}.Release|Any CPU.Build.0 = Release|Any CPU
	EndGlobalSection
	GlobalSection(SolutionProperties) = preSolution
		HideSolutionNode = FALSE
	EndGlobalSection
	GlobalSection(ExtensibilityGlobals) = postSolution
		SolutionGuid = {4A58DD62-92BB-4CA3-B92D-A0AEC9A6660A}
	EndGlobalSection
EndGlobal
